// !$*UTF8*$!
{
	archiveVersion = 1;
	classes = {
	};
	objectVersion = 46;
	objects = {

/* Begin PBXBuildFile section */
		D32460861EB6569E00D0FA7A /* AppDelegate.swift in Sources */ = {isa = PBXBuildFile; fileRef = D32460851EB6569E00D0FA7A /* AppDelegate.swift */; };
		D32460881EB6569E00D0FA7A /* ViewController.swift in Sources */ = {isa = PBXBuildFile; fileRef = D32460871EB6569E00D0FA7A /* ViewController.swift */; };
		D324608B1EB6569E00D0FA7A /* Main.storyboard in Resources */ = {isa = PBXBuildFile; fileRef = D32460891EB6569E00D0FA7A /* Main.storyboard */; };
		D324608D1EB6569E00D0FA7A /* Assets.xcassets in Resources */ = {isa = PBXBuildFile; fileRef = D324608C1EB6569E00D0FA7A /* Assets.xcassets */; };
		D32460901EB6569E00D0FA7A /* LaunchScreen.storyboard in Resources */ = {isa = PBXBuildFile; fileRef = D324608E1EB6569E00D0FA7A /* LaunchScreen.storyboard */; };
		D324609B1EB658A200D0FA7A /* defaultImage.png in Resources */ = {isa = PBXBuildFile; fileRef = D32460971EB658A200D0FA7A /* defaultImage.png */; };
		D324609C1EB658A200D0FA7A /* LuminanceWarpingVertexShaderPNT.swift in Sources */ = {isa = PBXBuildFile; fileRef = D32460981EB658A200D0FA7A /* LuminanceWarpingVertexShaderPNT.swift */; };
		D324609D1EB658A200D0FA7A /* Renderer.swift in Sources */ = {isa = PBXBuildFile; fileRef = D32460991EB658A200D0FA7A /* Renderer.swift */; };
		D324609E1EB658A200D0FA7A /* VideoHandler.swift in Sources */ = {isa = PBXBuildFile; fileRef = D324609A1EB658A200D0FA7A /* VideoHandler.swift */; };
		D32460A11EB6590D00D0FA7A /* SCamera.framework in Frameworks */ = {isa = PBXBuildFile; fileRef = D32460A01EB6590D00D0FA7A /* SCamera.framework */; };
		D32460A31EB6591100D0FA7A /* SGL.framework in Frameworks */ = {isa = PBXBuildFile; fileRef = D32460A21EB6591100D0FA7A /* SGL.framework */; };
		D32460A51EB6591400D0FA7A /* SUtility.framework in Frameworks */ = {isa = PBXBuildFile; fileRef = D32460A41EB6591400D0FA7A /* SUtility.framework */; };
		D32460A81EB6597400D0FA7A /* SCamera.framework in CopyFiles */ = {isa = PBXBuildFile; fileRef = D32460A71EB6597400D0FA7A /* SCamera.framework */; settings = {ATTRIBUTES = (CodeSignOnCopy, RemoveHeadersOnCopy, ); }; };
		D32460AA1EB6597800D0FA7A /* SGL.framework in CopyFiles */ = {isa = PBXBuildFile; fileRef = D32460A91EB6597800D0FA7A /* SGL.framework */; settings = {ATTRIBUTES = (CodeSignOnCopy, RemoveHeadersOnCopy, ); }; };
		D32460AC1EB6597C00D0FA7A /* SUtility.framework in CopyFiles */ = {isa = PBXBuildFile; fileRef = D32460AB1EB6597C00D0FA7A /* SUtility.framework */; settings = {ATTRIBUTES = (CodeSignOnCopy, RemoveHeadersOnCopy, ); }; };
/* End PBXBuildFile section */

/* Begin PBXCopyFilesBuildPhase section */
		D32460A61EB6596800D0FA7A /* CopyFiles */ = {
			isa = PBXCopyFilesBuildPhase;
			buildActionMask = 2147483647;
			dstPath = "";
			dstSubfolderSpec = 10;
			files = (
				D32460A81EB6597400D0FA7A /* SCamera.framework in CopyFiles */,
				D32460AA1EB6597800D0FA7A /* SGL.framework in CopyFiles */,
				D32460AC1EB6597C00D0FA7A /* SUtility.framework in CopyFiles */,
			);
			runOnlyForDeploymentPostprocessing = 0;
		};
/* End PBXCopyFilesBuildPhase section */

/* Begin PBXFileReference section */
		D32460821EB6569E00D0FA7A /* FacetiousIOS.app */ = {isa = PBXFileReference; explicitFileType = wrapper.application; includeInIndex = 0; path = FacetiousIOS.app; sourceTree = BUILT_PRODUCTS_DIR; };
		D32460851EB6569E00D0FA7A /* AppDelegate.swift */ = {isa = PBXFileReference; lastKnownFileType = sourcecode.swift; path = AppDelegate.swift; sourceTree = "<group>"; };
		D32460871EB6569E00D0FA7A /* ViewController.swift */ = {isa = PBXFileReference; lastKnownFileType = sourcecode.swift; path = ViewController.swift; sourceTree = "<group>"; };
		D324608A1EB6569E00D0FA7A /* Base */ = {isa = PBXFileReference; lastKnownFileType = file.storyboard; name = Base; path = Base.lproj/Main.storyboard; sourceTree = "<group>"; };
		D324608C1EB6569E00D0FA7A /* Assets.xcassets */ = {isa = PBXFileReference; lastKnownFileType = folder.assetcatalog; path = Assets.xcassets; sourceTree = "<group>"; };
		D324608F1EB6569E00D0FA7A /* Base */ = {isa = PBXFileReference; lastKnownFileType = file.storyboard; name = Base; path = Base.lproj/LaunchScreen.storyboard; sourceTree = "<group>"; };
		D32460911EB6569E00D0FA7A /* Info.plist */ = {isa = PBXFileReference; lastKnownFileType = text.plist.xml; path = Info.plist; sourceTree = "<group>"; };
		D32460971EB658A200D0FA7A /* defaultImage.png */ = {isa = PBXFileReference; lastKnownFileType = image.png; path = defaultImage.png; sourceTree = "<group>"; };
		D32460981EB658A200D0FA7A /* LuminanceWarpingVertexShaderPNT.swift */ = {isa = PBXFileReference; fileEncoding = 4; lastKnownFileType = sourcecode.swift; path = LuminanceWarpingVertexShaderPNT.swift; sourceTree = "<group>"; };
		D32460991EB658A200D0FA7A /* Renderer.swift */ = {isa = PBXFileReference; fileEncoding = 4; lastKnownFileType = sourcecode.swift; path = Renderer.swift; sourceTree = "<group>"; };
		D324609A1EB658A200D0FA7A /* VideoHandler.swift */ = {isa = PBXFileReference; fileEncoding = 4; lastKnownFileType = sourcecode.swift; path = VideoHandler.swift; sourceTree = "<group>"; };
		D32460A01EB6590D00D0FA7A /* SCamera.framework */ = {isa = PBXFileReference; lastKnownFileType = wrapper.framework; name = SCamera.framework; path = "../SCamera/build/Debug-iphoneos/SCamera.framework"; sourceTree = "<group>"; };
		D32460A21EB6591100D0FA7A /* SGL.framework */ = {isa = PBXFileReference; lastKnownFileType = wrapper.framework; name = SGL.framework; path = "../SGL/build/Debug-iphoneos/SGL.framework"; sourceTree = "<group>"; };
		D32460A41EB6591400D0FA7A /* SUtility.framework */ = {isa = PBXFileReference; lastKnownFileType = wrapper.framework; name = SUtility.framework; path = "../SUtility/build/Debug-iphoneos/SUtility.framework"; sourceTree = "<group>"; };
		D32460A71EB6597400D0FA7A /* SCamera.framework */ = {isa = PBXFileReference; explicitFileType = wrapper.framework; path = SCamera.framework; sourceTree = BUILT_PRODUCTS_DIR; };
		D32460A91EB6597800D0FA7A /* SGL.framework */ = {isa = PBXFileReference; explicitFileType = wrapper.framework; path = SGL.framework; sourceTree = BUILT_PRODUCTS_DIR; };
		D32460AB1EB6597C00D0FA7A /* SUtility.framework */ = {isa = PBXFileReference; explicitFileType = wrapper.framework; path = SUtility.framework; sourceTree = BUILT_PRODUCTS_DIR; };
/* End PBXFileReference section */

/* Begin PBXFrameworksBuildPhase section */
		D324607F1EB6569E00D0FA7A /* Frameworks */ = {
			isa = PBXFrameworksBuildPhase;
			buildActionMask = 2147483647;
			files = (
				D32460A11EB6590D00D0FA7A /* SCamera.framework in Frameworks */,
				D32460A31EB6591100D0FA7A /* SGL.framework in Frameworks */,
				D32460A51EB6591400D0FA7A /* SUtility.framework in Frameworks */,
			);
			runOnlyForDeploymentPostprocessing = 0;
		};
/* End PBXFrameworksBuildPhase section */

/* Begin PBXGroup section */
		D32460791EB6569E00D0FA7A = {
			isa = PBXGroup;
			children = (
				D32460AB1EB6597C00D0FA7A /* SUtility.framework */,
				D32460A91EB6597800D0FA7A /* SGL.framework */,
				D32460A71EB6597400D0FA7A /* SCamera.framework */,
				D32460841EB6569E00D0FA7A /* FacetiousIOS */,
				D32460831EB6569E00D0FA7A /* Products */,
				D324609F1EB6590D00D0FA7A /* Frameworks */,
			);
			sourceTree = "<group>";
		};
		D32460831EB6569E00D0FA7A /* Products */ = {
			isa = PBXGroup;
			children = (
				D32460821EB6569E00D0FA7A /* FacetiousIOS.app */,
			);
			name = Products;
			sourceTree = "<group>";
		};
		D32460841EB6569E00D0FA7A /* FacetiousIOS */ = {
			isa = PBXGroup;
			children = (
				D32460851EB6569E00D0FA7A /* AppDelegate.swift */,
				D32460981EB658A200D0FA7A /* LuminanceWarpingVertexShaderPNT.swift */,
				D32460991EB658A200D0FA7A /* Renderer.swift */,
				D324609A1EB658A200D0FA7A /* VideoHandler.swift */,
				D32460871EB6569E00D0FA7A /* ViewController.swift */,
				D32460891EB6569E00D0FA7A /* Main.storyboard */,
				D32460971EB658A200D0FA7A /* defaultImage.png */,
				D324608C1EB6569E00D0FA7A /* Assets.xcassets */,
				D324608E1EB6569E00D0FA7A /* LaunchScreen.storyboard */,
				D32460911EB6569E00D0FA7A /* Info.plist */,
			);
			path = FacetiousIOS;
			sourceTree = "<group>";
		};
		D324609F1EB6590D00D0FA7A /* Frameworks */ = {
			isa = PBXGroup;
			children = (
				D32460A41EB6591400D0FA7A /* SUtility.framework */,
				D32460A21EB6591100D0FA7A /* SGL.framework */,
				D32460A01EB6590D00D0FA7A /* SCamera.framework */,
			);
			name = Frameworks;
			sourceTree = "<group>";
		};
/* End PBXGroup section */

/* Begin PBXNativeTarget section */
		D32460811EB6569E00D0FA7A /* FacetiousIOS */ = {
			isa = PBXNativeTarget;
			buildConfigurationList = D32460941EB6569E00D0FA7A /* Build configuration list for PBXNativeTarget "FacetiousIOS" */;
			buildPhases = (
				D324607E1EB6569E00D0FA7A /* Sources */,
				D324607F1EB6569E00D0FA7A /* Frameworks */,
				D32460801EB6569E00D0FA7A /* Resources */,
				D32460A61EB6596800D0FA7A /* CopyFiles */,
			);
			buildRules = (
			);
			dependencies = (
			);
			name = FacetiousIOS;
			productName = FacetiousIOS;
			productReference = D32460821EB6569E00D0FA7A /* FacetiousIOS.app */;
			productType = "com.apple.product-type.application";
		};
/* End PBXNativeTarget section */

/* Begin PBXProject section */
		D324607A1EB6569E00D0FA7A /* Project object */ = {
			isa = PBXProject;
			attributes = {
				LastSwiftUpdateCheck = 0830;
				LastUpgradeCheck = 0830;
				ORGANIZATIONNAME = "Philip Hubbard";
				TargetAttributes = {
					D32460811EB6569E00D0FA7A = {
						CreatedOnToolsVersion = 8.3;
						DevelopmentTeam = EBH83Y995B;
						ProvisioningStyle = Automatic;
					};
				};
			};
			buildConfigurationList = D324607D1EB6569E00D0FA7A /* Build configuration list for PBXProject "FacetiousIOS" */;
			compatibilityVersion = "Xcode 3.2";
			developmentRegion = English;
			hasScannedForEncodings = 0;
			knownRegions = (
				en,
				Base,
			);
			mainGroup = D32460791EB6569E00D0FA7A;
			productRefGroup = D32460831EB6569E00D0FA7A /* Products */;
			projectDirPath = "";
			projectRoot = "";
			targets = (
				D32460811EB6569E00D0FA7A /* FacetiousIOS */,
			);
		};
/* End PBXProject section */

/* Begin PBXResourcesBuildPhase section */
		D32460801EB6569E00D0FA7A /* Resources */ = {
			isa = PBXResourcesBuildPhase;
			buildActionMask = 2147483647;
			files = (
				D32460901EB6569E00D0FA7A /* LaunchScreen.storyboard in Resources */,
				D324608D1EB6569E00D0FA7A /* Assets.xcassets in Resources */,
				D324608B1EB6569E00D0FA7A /* Main.storyboard in Resources */,
				D324609B1EB658A200D0FA7A /* defaultImage.png in Resources */,
			);
			runOnlyForDeploymentPostprocessing = 0;
		};
/* End PBXResourcesBuildPhase section */

/* Begin PBXSourcesBuildPhase section */
		D324607E1EB6569E00D0FA7A /* Sources */ = {
			isa = PBXSourcesBuildPhase;
			buildActionMask = 2147483647;
			files = (
				D324609D1EB658A200D0FA7A /* Renderer.swift in Sources */,
				D324609E1EB658A200D0FA7A /* VideoHandler.swift in Sources */,
				D324609C1EB658A200D0FA7A /* LuminanceWarpingVertexShaderPNT.swift in Sources */,
				D32460881EB6569E00D0FA7A /* ViewController.swift in Sources */,
				D32460861EB6569E00D0FA7A /* AppDelegate.swift in Sources */,
			);
			runOnlyForDeploymentPostprocessing = 0;
		};
/* End PBXSourcesBuildPhase section */

/* Begin PBXVariantGroup section */
		D32460891EB6569E00D0FA7A /* Main.storyboard */ = {
			isa = PBXVariantGroup;
			children = (
				D324608A1EB6569E00D0FA7A /* Base */,
			);
			name = Main.storyboard;
			sourceTree = "<group>";
		};
		D324608E1EB6569E00D0FA7A /* LaunchScreen.storyboard */ = {
			isa = PBXVariantGroup;
			children = (
				D324608F1EB6569E00D0FA7A /* Base */,
			);
			name = LaunchScreen.storyboard;
			sourceTree = "<group>";
		};
/* End PBXVariantGroup section */

/* Begin XCBuildConfiguration section */
		D32460921EB6569E00D0FA7A /* Debug */ = {
			isa = XCBuildConfiguration;
			buildSettings = {
				ALWAYS_SEARCH_USER_PATHS = NO;
				CLANG_ANALYZER_NONNULL = YES;
				CLANG_ANALYZER_NUMBER_OBJECT_CONVERSION = YES_AGGRESSIVE;
				CLANG_CXX_LANGUAGE_STANDARD = "gnu++0x";
				CLANG_CXX_LIBRARY = "libc++";
				CLANG_ENABLE_MODULES = YES;
				CLANG_ENABLE_OBJC_ARC = YES;
				CLANG_WARN_BOOL_CONVERSION = YES;
				CLANG_WARN_CONSTANT_CONVERSION = YES;
				CLANG_WARN_DIRECT_OBJC_ISA_USAGE = YES_ERROR;
				CLANG_WARN_DOCUMENTATION_COMMENTS = YES;
				CLANG_WARN_EMPTY_BODY = YES;
				CLANG_WARN_ENUM_CONVERSION = YES;
				CLANG_WARN_INFINITE_RECURSION = YES;
				CLANG_WARN_INT_CONVERSION = YES;
				CLANG_WARN_OBJC_ROOT_CLASS = YES_ERROR;
				CLANG_WARN_SUSPICIOUS_MOVE = YES;
				CLANG_WARN_UNREACHABLE_CODE = YES;
				CLANG_WARN__DUPLICATE_METHOD_MATCH = YES;
				"CODE_SIGN_IDENTITY[sdk=iphoneos*]" = "iPhone Developer";
				COPY_PHASE_STRIP = NO;
				DEBUG_INFORMATION_FORMAT = dwarf;
				ENABLE_STRICT_OBJC_MSGSEND = YES;
				ENABLE_TESTABILITY = YES;
				GCC_C_LANGUAGE_STANDARD = gnu99;
				GCC_DYNAMIC_NO_PIC = NO;
				GCC_NO_COMMON_BLOCKS = YES;
				GCC_OPTIMIZATION_LEVEL = 0;
				GCC_PREPROCESSOR_DEFINITIONS = (
					"DEBUG=1",
					"$(inherited)",
				);
				GCC_WARN_64_TO_32_BIT_CONVERSION = YES;
				GCC_WARN_ABOUT_RETURN_TYPE = YES_ERROR;
				GCC_WARN_UNDECLARED_SELECTOR = YES;
				GCC_WARN_UNINITIALIZED_AUTOS = YES_AGGRESSIVE;
				GCC_WARN_UNUSED_FUNCTION = YES;
				GCC_WARN_UNUSED_VARIABLE = YES;
				IPHONEOS_DEPLOYMENT_TARGET = 10.3;
				MTL_ENABLE_DEBUG_INFO = YES;
				ONLY_ACTIVE_ARCH = YES;
				SDKROOT = iphoneos;
				SWIFT_ACTIVE_COMPILATION_CONDITIONS = DEBUG;
				SWIFT_OPTIMIZATION_LEVEL = "-Onone";
				TARGETED_DEVICE_FAMILY = "1,2";
			};
			name = Debug;
		};
		D32460931EB6569E00D0FA7A /* Release */ = {
			isa = XCBuildConfiguration;
			buildSettings = {
				ALWAYS_SEARCH_USER_PATHS = NO;
				CLANG_ANALYZER_NONNULL = YES;
				CLANG_ANALYZER_NUMBER_OBJECT_CONVERSION = YES_AGGRESSIVE;
				CLANG_CXX_LANGUAGE_STANDARD = "gnu++0x";
				CLANG_CXX_LIBRARY = "libc++";
				CLANG_ENABLE_MODULES = YES;
				CLANG_ENABLE_OBJC_ARC = YES;
				CLANG_WARN_BOOL_CONVERSION = YES;
				CLANG_WARN_CONSTANT_CONVERSION = YES;
				CLANG_WARN_DIRECT_OBJC_ISA_USAGE = YES_ERROR;
				CLANG_WARN_DOCUMENTATION_COMMENTS = YES;
				CLANG_WARN_EMPTY_BODY = YES;
				CLANG_WARN_ENUM_CONVERSION = YES;
				CLANG_WARN_INFINITE_RECURSION = YES;
				CLANG_WARN_INT_CONVERSION = YES;
				CLANG_WARN_OBJC_ROOT_CLASS = YES_ERROR;
				CLANG_WARN_SUSPICIOUS_MOVE = YES;
				CLANG_WARN_UNREACHABLE_CODE = YES;
				CLANG_WARN__DUPLICATE_METHOD_MATCH = YES;
				"CODE_SIGN_IDENTITY[sdk=iphoneos*]" = "iPhone Developer";
				COPY_PHASE_STRIP = NO;
				DEBUG_INFORMATION_FORMAT = "dwarf-with-dsym";
				ENABLE_NS_ASSERTIONS = NO;
				ENABLE_STRICT_OBJC_MSGSEND = YES;
				GCC_C_LANGUAGE_STANDARD = gnu99;
				GCC_NO_COMMON_BLOCKS = YES;
				GCC_WARN_64_TO_32_BIT_CONVERSION = YES;
				GCC_WARN_ABOUT_RETURN_TYPE = YES_ERROR;
				GCC_WARN_UNDECLARED_SELECTOR = YES;
				GCC_WARN_UNINITIALIZED_AUTOS = YES_AGGRESSIVE;
				GCC_WARN_UNUSED_FUNCTION = YES;
				GCC_WARN_UNUSED_VARIABLE = YES;
				IPHONEOS_DEPLOYMENT_TARGET = 10.3;
				MTL_ENABLE_DEBUG_INFO = NO;
				SDKROOT = iphoneos;
				SWIFT_OPTIMIZATION_LEVEL = "-Owholemodule";
				TARGETED_DEVICE_FAMILY = "1,2";
				VALIDATE_PRODUCT = YES;
			};
			name = Release;
		};
		D32460951EB6569E00D0FA7A /* Debug */ = {
			isa = XCBuildConfiguration;
			buildSettings = {
				ASSETCATALOG_COMPILER_APPICON_NAME = AppIcon;
				DEVELOPMENT_TEAM = EBH83Y995B;
				INFOPLIST_FILE = FacetiousIOS/Info.plist;
				IPHONEOS_DEPLOYMENT_TARGET = 10.0;
				LD_RUNPATH_SEARCH_PATHS = "$(inherited) @executable_path/Frameworks";
				PRODUCT_BUNDLE_IDENTIFIER = com.philiphubbard.FacetiousIOS;
				PRODUCT_NAME = "$(TARGET_NAME)";
				SWIFT_VERSION = 3.0;
			};
			name = Debug;
		};
		D32460961EB6569E00D0FA7A /* Release */ = {
			isa = XCBuildConfiguration;
			buildSettings = {
				ASSETCATALOG_COMPILER_APPICON_NAME = AppIcon;
				DEVELOPMENT_TEAM = EBH83Y995B;
				INFOPLIST_FILE = FacetiousIOS/Info.plist;
				IPHONEOS_DEPLOYMENT_TARGET = 10.0;
				LD_RUNPATH_SEARCH_PATHS = "$(inherited) @executable_path/Frameworks";
				PRODUCT_BUNDLE_IDENTIFIER = com.philiphubbard.FacetiousIOS;
				PRODUCT_NAME = "$(TARGET_NAME)";
				SWIFT_VERSION = 3.0;
			};
			name = Release;
		};
/* End XCBuildConfiguration section */

/* Begin XCConfigurationList section */
		D324607D1EB6569E00D0FA7A /* Build configuration list for PBXProject "FacetiousIOS" */ = {
			isa = XCConfigurationList;
			buildConfigurations = (
				D32460921EB6569E00D0FA7A /* Debug */,
				D32460931EB6569E00D0FA7A /* Release */,
			);
			defaultConfigurationIsVisible = 0;
			defaultConfigurationName = Release;
		};
		D32460941EB6569E00D0FA7A /* Build configuration list for PBXNativeTarget "FacetiousIOS" */ = {
			isa = XCConfigurationList;
			buildConfigurations = (
				D32460951EB6569E00D0FA7A /* Debug */,
				D32460961EB6569E00D0FA7A /* Release */,
			);
			defaultConfigurationIsVisible = 0;
			defaultConfigurationName = Release;
		};
/* End XCConfigurationList section */
	};
	rootObject = D324607A1EB6569E00D0FA7A /* Project object */;
}
